
Microsoft Visual Studio Solution File, Format Version 11.00
# Visual Studio 2010
Project("{FAE04EC0-301F-11D3-BF4B-00C04F79EFBC}") = "WpfSandBox", "WpfSandBox\WpfSandBox.csproj", "{91A025FD-B421-482A-BACD-5AB8C191E541}"
EndProject
Project("{FAE04EC0-301F-11D3-BF4B-00C04F79EFBC}") = "WpfSandBoxParts", "WpfSandBoxParts\WpfSandBoxParts.csproj", "{439D4FA1-D91D-469B-8A95-D302C403101F}"
EndProject
Global
	GlobalSection(SolutionConfigurationPlatforms) = preSolution
		Debug|Any CPU = Debug|Any CPU
		Debug|Mixed Platforms = Debug|Mixed Platforms
		Debug|x86 = Debug|x86
		Release|Any CPU = Release|Any CPU
		Release|Mixed Platforms = Release|Mixed Platforms
		Release|x86 = Release|x86
	EndGlobalSection
	GlobalSection(ProjectConfigurationPlatforms) = postSolution
		{91A025FD-B421-482A-BACD-5AB8C191E541}.Debug|Any CPU.ActiveCfg = Debug|x86
		{91A025FD-B421-482A-BACD-5AB8C191E541}.Debug|Mixed Platforms.ActiveCfg = Debug|x86
		{91A025FD-B421-482A-BACD-5AB8C191E541}.Debug|Mixed Platforms.Build.0 = Debug|x86
		{91A025FD-B421-482A-BACD-5AB8C191E541}.Debug|x86.ActiveCfg = Debug|x86
		{91A025FD-B421-482A-BACD-5AB8C191E541}.Debug|x86.Build.0 = Debug|x86
		{91A025FD-B421-482A-BACD-5AB8C191E541}.Release|Any CPU.ActiveCfg = Release|x86
		{91A025FD-B421-482A-BACD-5AB8C191E541}.Release|Mixed Platforms.ActiveCfg = Release|x86
		{91A025FD-B421-482A-BACD-5AB8C191E541}.Release|Mixed Platforms.Build.0 = Release|x86
		{91A025FD-B421-482A-BACD-5AB8C191E541}.Release|x86.ActiveCfg = Release|x86
		{91A025FD-B421-482A-BACD-5AB8C191E541}.Release|x86.Build.0 = Release|x86
		{439D4FA1-D91D-469B-8A95-D302C403101F}.Debug|Any CPU.ActiveCfg = Debug|Any CPU
		{439D4FA1-D91D-469B-8A95-D302C403101F}.Debug|Any CPU.Build.0 = Debug|Any CPU
		{439D4FA1-D91D-469B-8A95-D302C403101F}.Debug|Mixed Platforms.ActiveCfg = Debug|Any CPU
		{439D4FA1-D91D-469B-8A95-D302C403101F}.Debug|Mixed Platforms.Build.0 = Debug|Any CPU
		{439D4FA1-D91D-469B-8A95-D302C403101F}.Debug|x86.ActiveCfg = Debug|Any CPU
		{439D4FA1-D91D-469B-8A95-D302C403101F}.Release|Any CPU.ActiveCfg = Release|Any CPU
		{439D4FA1-D91D-469B-8A95-D302C403101F}.Release|Any CPU.Build.0 = Release|Any CPU
		{439D4FA1-D91D-469B-8A95-D302C403101F}.Release|Mixed Platforms.ActiveCfg = Release|Any CPU
		{439D4FA1-D91D-469B-8A95-D302C403101F}.Release|Mixed Platforms.Build.0 = Release|Any CPU
		{439D4FA1-D91D-469B-8A95-D302C403101F}.Release|x86.ActiveCfg = Release|Any CPU
	EndGlobalSection
	GlobalSection(SolutionProperties) = preSolution
		HideSolutionNode = FALSE
	EndGlobalSection
EndGlobal
